
Microsoft Visual Studio Solution File, Format Version 12.00
# Visual Studio Version 17
VisualStudioVersion = 17.4.33403.182
MinimumVisualStudioVersion = 10.0.40219.1
Project("{FAE04EC0-301F-11D3-BF4B-00C04F79EFBC}") = "Task1.1", "Task1.1\Task1.1.csproj", "{C018F5A5-86CF-464A-8684-2852535BA047}"
EndProject
Global
	GlobalSection(SolutionConfigurationPlatforms) = preSolution
		Debug|Any CPU = Debug|Any CPU
		Release|Any CPU = Release|Any CPU
	EndGlobalSection
	GlobalSection(ProjectConfigurationPlatforms) = postSolution
		{C018F5A5-86CF-464A-8684-2852535BA047}.Debug|Any CPU.ActiveCfg = Debug|Any CPU
		{C018F5A5-86CF-464A-8684-2852535BA047}.Debug|Any CPU.Build.0 = Debug|Any CPU
		{C018F5A5-86CF-464A-8684-2852535BA047}.Release|Any CPU.ActiveCfg = Release|Any CPU
		{C018F5A5-86CF-464A-8684-2852535BA047}.Release|Any CPU.Build.0 = Release|Any CPU
	EndGlobalSection
	GlobalSection(SolutionProperties) = preSolution
		HideSolutionNode = FALSE
	EndGlobalSection
	GlobalSection(ExtensibilityGlobals) = postSolution
		SolutionGuid = {F0C92902-7853-4D57-AB5B-701F4BF0AD9F}
	EndGlobalSection
EndGlobal
